// !$*UTF8*$!
{
	archiveVersion = 1;
	classes = {
	};
	objectVersion = 55;
	objects = {

/* Begin PBXBuildFile section */
		F442D56F27E840B000FEB31E /* SPQRCode in Frameworks */ = {isa = PBXBuildFile; productRef = F442D56E27E840B000FEB31E /* SPQRCode */; };
		F4D5A51D27E83F9100121852 /* AppDelegate.swift in Sources */ = {isa = PBXBuildFile; fileRef = F4D5A51C27E83F9100121852 /* AppDelegate.swift */; };
		F4D5A51F27E83F9100121852 /* SceneDelegate.swift in Sources */ = {isa = PBXBuildFile; fileRef = F4D5A51E27E83F9100121852 /* SceneDelegate.swift */; };
		F4D5A52127E83F9100121852 /* ViewController.swift in Sources */ = {isa = PBXBuildFile; fileRef = F4D5A52027E83F9100121852 /* ViewController.swift */; };
		F4D5A52627E83F9200121852 /* Assets.xcassets in Resources */ = {isa = PBXBuildFile; fileRef = F4D5A52527E83F9200121852 /* Assets.xcassets */; };
		F4D5A52927E83F9200121852 /* LaunchScreen.storyboard in Resources */ = {isa = PBXBuildFile; fileRef = F4D5A52727E83F9200121852 /* LaunchScreen.storyboard */; };
/* End PBXBuildFile section */

/* Begin PBXFileReference section */
		F442D56C27E8409F00FEB31E /* SPQRCode */ = {isa = PBXFileReference; lastKnownFileType = wrapper; name = SPQRCode; path = ..; sourceTree = "<group>"; };
		F4D5A51927E83F9100121852 /* iOS Example App.app */ = {isa = PBXFileReference; explicitFileType = wrapper.application; includeInIndex = 0; path = "iOS Example App.app"; sourceTree = BUILT_PRODUCTS_DIR; };
		F4D5A51C27E83F9100121852 /* AppDelegate.swift */ = {isa = PBXFileReference; lastKnownFileType = sourcecode.swift; path = AppDelegate.swift; sourceTree = "<group>"; };
		F4D5A51E27E83F9100121852 /* SceneDelegate.swift */ = {isa = PBXFileReference; lastKnownFileType = sourcecode.swift; path = SceneDelegate.swift; sourceTree = "<group>"; };
		F4D5A52027E83F9100121852 /* ViewController.swift */ = {isa = PBXFileReference; lastKnownFileType = sourcecode.swift; path = ViewController.swift; sourceTree = "<group>"; };
		F4D5A52527E83F9200121852 /* Assets.xcassets */ = {isa = PBXFileReference; lastKnownFileType = folder.assetcatalog; path = Assets.xcassets; sourceTree = "<group>"; };
		F4D5A52827E83F9200121852 /* Base */ = {isa = PBXFileReference; lastKnownFileType = file.storyboard; name = Base; path = Base.lproj/LaunchScreen.storyboard; sourceTree = "<group>"; };
		F4D5A52A27E83F9200121852 /* Info.plist */ = {isa = PBXFileReference; lastKnownFileType = text.plist.xml; path = Info.plist; sourceTree = "<group>"; };
/* End PBXFileReference section */

/* Begin PBXFrameworksBuildPhase section */
		F4D5A51627E83F9100121852 /* Frameworks */ = {
			isa = PBXFrameworksBuildPhase;
			buildActionMask = 2147483647;
			files = (
				F442D56F27E840B000FEB31E /* SPQRCode in Frameworks */,
			);
			runOnlyForDeploymentPostprocessing = 0;
		};
/* End PBXFrameworksBuildPhase section */

/* Begin PBXGroup section */
		F442D56D27E840B000FEB31E /* Frameworks */ = {
			isa = PBXGroup;
			children = (
			);
			name = Frameworks;
			sourceTree = "<group>";
		};
		F4D5A51027E83F9100121852 = {
			isa = PBXGroup;
			children = (
				F442D56C27E8409F00FEB31E /* SPQRCode */,
				F4D5A51B27E83F9100121852 /* iOS Example App */,
				F4D5A51A27E83F9100121852 /* Products */,
				F442D56D27E840B000FEB31E /* Frameworks */,
			);
			sourceTree = "<group>";
		};
		F4D5A51A27E83F9100121852 /* Products */ = {
			isa = PBXGroup;
			children = (
				F4D5A51927E83F9100121852 /* iOS Example App.app */,
			);
			name = Products;
			sourceTree = "<group>";
		};
		F4D5A51B27E83F9100121852 /* iOS Example App */ = {
			isa = PBXGroup;
			children = (
				F4FE3B2327E9CD8B00E6E0CD /* App */,
				F4FE3B2527E9CD9B00E6E0CD /* Resources */,
				F4FE3B2427E9CD9000E6E0CD /* Controllers */,
			);
			path = "iOS Example App";
			sourceTree = "<group>";
		};
		F4FE3B2327E9CD8B00E6E0CD /* App */ = {
			isa = PBXGroup;
			children = (
				F4D5A51C27E83F9100121852 /* AppDelegate.swift */,
				F4D5A51E27E83F9100121852 /* SceneDelegate.swift */,
			);
			path = App;
			sourceTree = "<group>";
		};
		F4FE3B2427E9CD9000E6E0CD /* Controllers */ = {
			isa = PBXGroup;
			children = (
				F4D5A52027E83F9100121852 /* ViewController.swift */,
			);
			path = Controllers;
			sourceTree = "<group>";
		};
		F4FE3B2527E9CD9B00E6E0CD /* Resources */ = {
			isa = PBXGroup;
			children = (
				F4D5A52A27E83F9200121852 /* Info.plist */,
				F4D5A52527E83F9200121852 /* Assets.xcassets */,
				F4D5A52727E83F9200121852 /* LaunchScreen.storyboard */,
			);
			path = Resources;
			sourceTree = "<group>";
		};
/* End PBXGroup section */

/* Begin PBXNativeTarget section */
		F4D5A51827E83F9100121852 /* iOS Example App */ = {
			isa = PBXNativeTarget;
			buildConfigurationList = F4D5A52D27E83F9200121852 /* Build configuration list for PBXNativeTarget "iOS Example App" */;
			buildPhases = (
				F4D5A51527E83F9100121852 /* Sources */,
				F4D5A51627E83F9100121852 /* Frameworks */,
				F4D5A51727E83F9100121852 /* Resources */,
			);
			buildRules = (
			);
			dependencies = (
			);
			name = "iOS Example App";
			packageProductDependencies = (
				F442D56E27E840B000FEB31E /* SPQRCode */,
			);
			productName = SPQRCode;
			productReference = F4D5A51927E83F9100121852 /* iOS Example App.app */;
			productType = "com.apple.product-type.application";
		};
/* End PBXNativeTarget section */

/* Begin PBXProject section */
		F4D5A51127E83F9100121852 /* Project object */ = {
			isa = PBXProject;
			attributes = {
				BuildIndependentTargetsInParallel = 1;
				LastSwiftUpdateCheck = 1330;
				LastUpgradeCheck = 1330;
				TargetAttributes = {
					F4D5A51827E83F9100121852 = {
						CreatedOnToolsVersion = 13.3;
					};
				};
			};
			buildConfigurationList = F4D5A51427E83F9100121852 /* Build configuration list for PBXProject "SPQRCode" */;
			compatibilityVersion = "Xcode 13.0";
			developmentRegion = en;
			hasScannedForEncodings = 0;
			knownRegions = (
				en,
				Base,
			);
			mainGroup = F4D5A51027E83F9100121852;
			productRefGroup = F4D5A51A27E83F9100121852 /* Products */;
			projectDirPath = "";
			projectRoot = "";
			targets = (
				F4D5A51827E83F9100121852 /* iOS Example App */,
			);
		};
/* End PBXProject section */

/* Begin PBXResourcesBuildPhase section */
		F4D5A51727E83F9100121852 /* Resources */ = {
			isa = PBXResourcesBuildPhase;
			buildActionMask = 2147483647;
			files = (
				F4D5A52927E83F9200121852 /* LaunchScreen.storyboard in Resources */,
				F4D5A52627E83F9200121852 /* Assets.xcassets in Resources */,
			);
			runOnlyForDeploymentPostprocessing = 0;
		};
/* End PBXResourcesBuildPhase section */

/* Begin PBXSourcesBuildPhase section */
		F4D5A51527E83F9100121852 /* Sources */ = {
			isa = PBXSourcesBuildPhase;
			buildActionMask = 2147483647;
			files = (
				F4D5A52127E83F9100121852 /* ViewController.swift in Sources */,
				F4D5A51D27E83F9100121852 /* AppDelegate.swift in Sources */,
				F4D5A51F27E83F9100121852 /* SceneDelegate.swift in Sources */,
			);
			runOnlyForDeploymentPostprocessing = 0;
		};
/* End PBXSourcesBuildPhase section */

/* Begin PBXVariantGroup section */
		F4D5A52727E83F9200121852 /* LaunchScreen.storyboard */ = {
			isa = PBXVariantGroup;
			children = (
				F4D5A52827E83F9200121852 /* Base */,
			);
			name = LaunchScreen.storyboard;
			sourceTree = "<group>";
		};
/* End PBXVariantGroup section */

/* Begin XCBuildConfiguration section */
		F4D5A52B27E83F9200121852 /* Debug */ = {
			isa = XCBuildConfiguration;
			buildSettings = {
				ALWAYS_SEARCH_USER_PATHS = NO;
				CLANG_ANALYZER_NONNULL = YES;
				CLANG_ANALYZER_NUMBER_OBJECT_CONVERSION = YES_AGGRESSIVE;
				CLANG_CXX_LANGUAGE_STANDARD = "gnu++17";
				CLANG_ENABLE_MODULES = YES;
				CLANG_ENABLE_OBJC_ARC = YES;
				CLANG_ENABLE_OBJC_WEAK = YES;
				CLANG_WARN_BLOCK_CAPTURE_AUTORELEASING = YES;
				CLANG_WARN_BOOL_CONVERSION = YES;
				CLANG_WARN_COMMA = YES;
				CLANG_WARN_CONSTANT_CONVERSION = YES;
				CLANG_WARN_DEPRECATED_OBJC_IMPLEMENTATIONS = YES;
				CLANG_WARN_DIRECT_OBJC_ISA_USAGE = YES_ERROR;
				CLANG_WARN_DOCUMENTATION_COMMENTS = YES;
				CLANG_WARN_EMPTY_BODY = YES;
				CLANG_WARN_ENUM_CONVERSION = YES;
				CLANG_WARN_INFINITE_RECURSION = YES;
				CLANG_WARN_INT_CONVERSION = YES;
				CLANG_WARN_NON_LITERAL_NULL_CONVERSION = YES;
				CLANG_WARN_OBJC_IMPLICIT_RETAIN_SELF = YES;
				CLANG_WARN_OBJC_LITERAL_CONVERSION = YES;
				CLANG_WARN_OBJC_ROOT_CLASS = YES_ERROR;
				CLANG_WARN_QUOTED_INCLUDE_IN_FRAMEWORK_HEADER = YES;
				CLANG_WARN_RANGE_LOOP_ANALYSIS = YES;
				CLANG_WARN_STRICT_PROTOTYPES = YES;
				CLANG_WARN_SUSPICIOUS_MOVE = YES;
				CLANG_WARN_UNGUARDED_AVAILABILITY = YES_AGGRESSIVE;
				CLANG_WARN_UNREACHABLE_CODE = YES;
				CLANG_WARN__DUPLICATE_METHOD_MATCH = YES;
				COPY_PHASE_STRIP = NO;
				DEBUG_INFORMATION_FORMAT = dwarf;
				ENABLE_STRICT_OBJC_MSGSEND = YES;
				ENABLE_TESTABILITY = YES;
				GCC_C_LANGUAGE_STANDARD = gnu11;
				GCC_DYNAMIC_NO_PIC = NO;
				GCC_NO_COMMON_BLOCKS = YES;
				GCC_OPTIMIZATION_LEVEL = 0;
				GCC_PREPROCESSOR_DEFINITIONS = (
					"DEBUG=1",
					"$(inherited)",
				);
				GCC_WARN_64_TO_32_BIT_CONVERSION = YES;
				GCC_WARN_ABOUT_RETURN_TYPE = YES_ERROR;
				GCC_WARN_UNDECLARED_SELECTOR = YES;
				GCC_WARN_UNINITIALIZED_AUTOS = YES_AGGRESSIVE;
				GCC_WARN_UNUSED_FUNCTION = YES;
				GCC_WARN_UNUSED_VARIABLE = YES;
				IPHONEOS_DEPLOYMENT_TARGET = 15.4;
				MTL_ENABLE_DEBUG_INFO = INCLUDE_SOURCE;
				MTL_FAST_MATH = YES;
				ONLY_ACTIVE_ARCH = YES;
				SDKROOT = iphoneos;
				SWIFT_ACTIVE_COMPILATION_CONDITIONS = DEBUG;
				SWIFT_OPTIMIZATION_LEVEL = "-Onone";
			};
			name = Debug;
		};
		F4D5A52C27E83F9200121852 /* Release */ = {
			isa = XCBuildConfiguration;
			buildSettings = {
				ALWAYS_SEARCH_USER_PATHS = NO;
				CLANG_ANALYZER_NONNULL = YES;
				CLANG_ANALYZER_NUMBER_OBJECT_CONVERSION = YES_AGGRESSIVE;
				CLANG_CXX_LANGUAGE_STANDARD = "gnu++17";
				CLANG_ENABLE_MODULES = YES;
				CLANG_ENABLE_OBJC_ARC = YES;
				CLANG_ENABLE_OBJC_WEAK = YES;
				CLANG_WARN_BLOCK_CAPTURE_AUTORELEASING = YES;
				CLANG_WARN_BOOL_CONVERSION = YES;
				CLANG_WARN_COMMA = YES;
				CLANG_WARN_CONSTANT_CONVERSION = YES;
				CLANG_WARN_DEPRECATED_OBJC_IMPLEMENTATIONS = YES;
				CLANG_WARN_DIRECT_OBJC_ISA_USAGE = YES_ERROR;
				CLANG_WARN_DOCUMENTATION_COMMENTS = YES;
				CLANG_WARN_EMPTY_BODY = YES;
				CLANG_WARN_ENUM_CONVERSION = YES;
				CLANG_WARN_INFINITE_RECURSION = YES;
				CLANG_WARN_INT_CONVERSION = YES;
				CLANG_WARN_NON_LITERAL_NULL_CONVERSION = YES;
				CLANG_WARN_OBJC_IMPLICIT_RETAIN_SELF = YES;
				CLANG_WARN_OBJC_LITERAL_CONVERSION = YES;
				CLANG_WARN_OBJC_ROOT_CLASS = YES_ERROR;
				CLANG_WARN_QUOTED_INCLUDE_IN_FRAMEWORK_HEADER = YES;
				CLANG_WARN_RANGE_LOOP_ANALYSIS = YES;
				CLANG_WARN_STRICT_PROTOTYPES = YES;
				CLANG_WARN_SUSPICIOUS_MOVE = YES;
				CLANG_WARN_UNGUARDED_AVAILABILITY = YES_AGGRESSIVE;
				CLANG_WARN_UNREACHABLE_CODE = YES;
				CLANG_WARN__DUPLICATE_METHOD_MATCH = YES;
				COPY_PHASE_STRIP = NO;
				DEBUG_INFORMATION_FORMAT = "dwarf-with-dsym";
				ENABLE_NS_ASSERTIONS = NO;
				ENABLE_STRICT_OBJC_MSGSEND = YES;
				GCC_C_LANGUAGE_STANDARD = gnu11;
				GCC_NO_COMMON_BLOCKS = YES;
				GCC_WARN_64_TO_32_BIT_CONVERSION = YES;
				GCC_WARN_ABOUT_RETURN_TYPE = YES_ERROR;
				GCC_WARN_UNDECLARED_SELECTOR = YES;
				GCC_WARN_UNINITIALIZED_AUTOS = YES_AGGRESSIVE;
				GCC_WARN_UNUSED_FUNCTION = YES;
				GCC_WARN_UNUSED_VARIABLE = YES;
				IPHONEOS_DEPLOYMENT_TARGET = 15.4;
				MTL_ENABLE_DEBUG_INFO = NO;
				MTL_FAST_MATH = YES;
				SDKROOT = iphoneos;
				SWIFT_COMPILATION_MODE = wholemodule;
				SWIFT_OPTIMIZATION_LEVEL = "-O";
				VALIDATE_PRODUCT = YES;
			};
			name = Release;
		};
		F4D5A52E27E83F9200121852 /* Debug */ = {
			isa = XCBuildConfiguration;
			buildSettings = {
				ASSETCATALOG_COMPILER_APPICON_NAME = AppIcon;
				ASSETCATALOG_COMPILER_GLOBAL_ACCENT_COLOR_NAME = AccentColor;
				CODE_SIGN_STYLE = Automatic;
				CURRENT_PROJECT_VERSION = 1;
				DEVELOPMENT_TEAM = 5KKK9SKF79;
				GENERATE_INFOPLIST_FILE = YES;
				INFOPLIST_FILE = "iOS Example App/Resources/Info.plist";
				INFOPLIST_KEY_UIApplicationSupportsIndirectInputEvents = YES;
				INFOPLIST_KEY_UILaunchStoryboardName = LaunchScreen;
				INFOPLIST_KEY_UIMainStoryboardFile = "";
				INFOPLIST_KEY_UISupportedInterfaceOrientations_iPad = "UIInterfaceOrientationPortrait UIInterfaceOrientationPortraitUpsideDown UIInterfaceOrientationLandscapeLeft UIInterfaceOrientationLandscapeRight";
				INFOPLIST_KEY_UISupportedInterfaceOrientations_iPhone = "UIInterfaceOrientationPortrait UIInterfaceOrientationLandscapeLeft UIInterfaceOrientationLandscapeRight";
				LD_RUNPATH_SEARCH_PATHS = (
					"$(inherited)",
					"@executable_path/Frameworks",
				);
				MARKETING_VERSION = 1.0;
				PRODUCT_BUNDLE_IDENTIFIER = by.ivanvorobei.apps.sparrowcode.SPQRCode;
				PRODUCT_NAME = "$(TARGET_NAME)";
				SWIFT_EMIT_LOC_STRINGS = YES;
				SWIFT_VERSION = 5.0;
				TARGETED_DEVICE_FAMILY = "1,2";
			};
			name = Debug;
		};
		F4D5A52F27E83F9200121852 /* Release */ = {
			isa = XCBuildConfiguration;
			buildSettings = {
				ASSETCATALOG_COMPILER_APPICON_NAME = AppIcon;
				ASSETCATALOG_COMPILER_GLOBAL_ACCENT_COLOR_NAME = AccentColor;
				CODE_SIGN_STYLE = Automatic;
				CURRENT_PROJECT_VERSION = 1;
				DEVELOPMENT_TEAM = 5KKK9SKF79;
				GENERATE_INFOPLIST_FILE = YES;
				INFOPLIST_FILE = "iOS Example App/Resources/Info.plist";
				INFOPLIST_KEY_UIApplicationSupportsIndirectInputEvents = YES;
				INFOPLIST_KEY_UILaunchStoryboardName = LaunchScreen;
				INFOPLIST_KEY_UIMainStoryboardFile = "";
				INFOPLIST_KEY_UISupportedInterfaceOrientations_iPad = "UIInterfaceOrientationPortrait UIInterfaceOrientationPortraitUpsideDown UIInterfaceOrientationLandscapeLeft UIInterfaceOrientationLandscapeRight";
				INFOPLIST_KEY_UISupportedInterfaceOrientations_iPhone = "UIInterfaceOrientationPortrait UIInterfaceOrientationLandscapeLeft UIInterfaceOrientationLandscapeRight";
				LD_RUNPATH_SEARCH_PATHS = (
					"$(inherited)",
					"@executable_path/Frameworks",
				);
				MARKETING_VERSION = 1.0;
				PRODUCT_BUNDLE_IDENTIFIER = by.ivanvorobei.apps.sparrowcode.SPQRCode;
				PRODUCT_NAME = "$(TARGET_NAME)";
				SWIFT_EMIT_LOC_STRINGS = YES;
				SWIFT_VERSION = 5.0;
				TARGETED_DEVICE_FAMILY = "1,2";
			};
			name = Release;
		};
/* End XCBuildConfiguration section */

/* Begin XCConfigurationList section */
		F4D5A51427E83F9100121852 /* Build configuration list for PBXProject "SPQRCode" */ = {
			isa = XCConfigurationList;
			buildConfigurations = (
				F4D5A52B27E83F9200121852 /* Debug */,
				F4D5A52C27E83F9200121852 /* Release */,
			);
			defaultConfigurationIsVisible = 0;
			defaultConfigurationName = Release;
		};
		F4D5A52D27E83F9200121852 /* Build configuration list for PBXNativeTarget "iOS Example App" */ = {
			isa = XCConfigurationList;
			buildConfigurations = (
				F4D5A52E27E83F9200121852 /* Debug */,
				F4D5A52F27E83F9200121852 /* Release */,
			);
			defaultConfigurationIsVisible = 0;
			defaultConfigurationName = Release;
		};
/* End XCConfigurationList section */

/* Begin XCSwiftPackageProductDependency section */
		F442D56E27E840B000FEB31E /* SPQRCode */ = {
			isa = XCSwiftPackageProductDependency;
			productName = SPQRCode;
		};
/* End XCSwiftPackageProductDependency section */
	};
	rootObject = F4D5A51127E83F9100121852 /* Project object */;
}
